<?xml version="1.0" encoding="UTF-8"?>
<CONFIG>
  <ProjectOptions>
    <Version Value="9"/>
    <PathDelim Value="\"/>
    <General>
      <Flags>
        <LRSInOutputDirectory Value="False"/>
      </Flags>
      <MainUnit Value="0"/>
      <Title Value="MB system"/>
      <UseXPManifest Value="True"/>
      <Icon Value="0"/>
    </General>
    <VersionInfo>
      <UseVersionInfo Value="True"/>
      <AutoIncrementBuild Value="True"/>
      <MajorVersionNr Value="1"/>
      <MinorVersionNr Value="1"/>
      <RevisionNr Value="1"/>
      <BuildNr Value="103"/>
      <Language Value="0405"/>
      <CharSet Value="04E2"/>
      <StringTable ProductVersion="0.0.0.5"/>
    </VersionInfo>
    <BuildModes Count="1">
      <Item1 Name="default" Default="True"/>
    </BuildModes>
    <PublishOptions>
      <Version Value="2"/>
      <IgnoreBinaries Value="False"/>
      <IncludeFileFilter Value="*.(pas|pp|inc|lfm|lpr|lrs|lpi|lpk|sh|xml)"/>
      <ExcludeFileFilter Value="*.(bak|ppu|ppw|o|so);*~;backup"/>
    </PublishOptions>
    <RunParams>
      <local>
        <FormatVersion Value="1"/>
        <LaunchingApplication PathPlusParams="/usr/X11R6/bin/xterm -T 'Lazarus Run Output' -e $(LazarusDir)/tools/runwait.sh $(TargetCmdLine)"/>
      </local>
    </RunParams>
    <RequiredPackages Count="8">
      <Item1>
        <PackageName Value="zcomponent"/>
      </Item1>
      <Item2>
        <PackageName Value="laz_synapse"/>
        <MinVersion Valid="True"/>
      </Item2>
      <Item3>
        <PackageName Value="RunTimeTypeInfoControls"/>
        <MinVersion Minor="1" Valid="True"/>
      </Item3>
      <Item4>
        <PackageName Value="SDFLaz"/>
        <MinVersion Minor="1" Release="1" Valid="True"/>
      </Item4>
      <Item5>
        <PackageName Value="lazreport"/>
        <MinVersion Minor="9" Release="5" Valid="True"/>
      </Item5>
      <Item6>
        <PackageName Value="FCL"/>
        <MinVersion Major="1" Valid="True"/>
      </Item6>
      <Item7>
        <PackageName Value="SQLDBLaz"/>
        <MinVersion Major="1" Release="1" Valid="True"/>
      </Item7>
      <Item8>
        <PackageName Value="LCL"/>
      </Item8>
    </RequiredPackages>
    <Units Count="83">
      <Unit0>
        <Filename Value="mbsystem.lpr"/>
        <IsPartOfProject Value="True"/>
        <TopLine Value="18"/>
        <CursorPos Y="49"/>
        <UsageCount Value="200"/>
        <Loaded Value="True"/>
        <DefaultSyntaxHighlighter Value="Delphi"/>
      </Unit0>
      <Unit1>
        <Filename Value="fmain.pas"/>
        <IsPartOfProject Value="True"/>
        <ComponentName Value="frmMain"/>
        <HasResources Value="True"/>
        <ResourceBaseClass Value="Form"/>
        <UnitName Value="FMain"/>
        <EditorIndex Value="3"/>
        <TopLine Value="539"/>
        <CursorPos X="55" Y="551"/>
        <UsageCount Value="200"/>
        <Loaded Value="True"/>
        <LoadedDesigner Value="True"/>
        <DefaultSyntaxHighlighter Value="Delphi"/>
      </Unit1>
      <Unit2>
        <Filename Value="flogin.pas"/>
        <IsPartOfProject Value="True"/>
        <ComponentName Value="frmLogin"/>
        <HasResources Value="True"/>
        <ResourceBaseClass Value="Form"/>
        <EditorIndex Value="4"/>
        <TopLine Value="71"/>
        <CursorPos Y="77"/>
        <UsageCount Value="200"/>
        <Loaded Value="True"/>
        <DefaultSyntaxHighlighter Value="Delphi"/>
      </Unit2>
      <Unit3>
        <Filename Value="uconsts.pas"/>
        <IsPartOfProject Value="True"/>
        <UnitName Value="uConsts"/>
        <CursorPos X="26" Y="9"/>
        <UsageCount Value="200"/>
        <DefaultSyntaxHighlighter Value="Delphi"/>
      </Unit3>
      <Unit4>
        <Filename Value="data_module.pas"/>
        <IsPartOfProject Value="True"/>
        <ComponentName Value="DM"/>
        <HasResources Value="True"/>
        <ResourceBaseClass Value="DataModule"/>
        <UnitName Value="Data_module"/>
        <EditorIndex Value="-1"/>
        <CursorPos X="45" Y="11"/>
        <UsageCount Value="200"/>
        <DefaultSyntaxHighlighter Value="Delphi"/>
      </Unit4>
      <Unit5>
        <Filename Value="fsablona.pas"/>
        <IsPartOfProject Value="True"/>
        <ComponentName Value="frmSablona"/>
        <HasResources Value="True"/>
        <ResourceBaseClass Value="Form"/>
        <EditorIndex Value="2"/>
        <TopLine Value="358"/>
        <CursorPos X="35" Y="368"/>
        <UsageCount Value="200"/>
        <Loaded Value="True"/>
        <LoadedDesigner Value="True"/>
        <DefaultSyntaxHighlighter Value="Delphi"/>
      </Unit5>
      <Unit6>
        <Filename Value="fakcionari.pas"/>
        <IsPartOfProject Value="True"/>
        <ComponentName Value="frmAkcionari"/>
        <HasResources Value="True"/>
        <ResourceBaseClass Value="Form"/>
        <UnitName Value="FAkcionari"/>
        <EditorIndex Value="-1"/>
        <TopLine Value="470"/>
        <CursorPos X="46" Y="487"/>
        <UsageCount Value="200"/>
        <DefaultSyntaxHighlighter Value="Delphi"/>
      </Unit6>
      <Unit7>
        <Filename Value="ftypy_akcii.pas"/>
        <IsPartOfProject Value="True"/>
        <ComponentName Value="frmTypyAkcii"/>
        <HasResources Value="True"/>
        <ResourceBaseClass Value="Form"/>
        <TopLine Value="2"/>
        <CursorPos X="28" Y="26"/>
        <UsageCount Value="200"/>
        <DefaultSyntaxHighlighter Value="Delphi"/>
      </Unit7>
      <Unit8>
        <Filename Value="fakcie.pas"/>
        <IsPartOfProject Value="True"/>
        <ComponentName Value="frmAkcie"/>
        <HasResources Value="True"/>
        <ResourceBaseClass Value="Form"/>
        <TopLine Value="26"/>
        <CursorPos X="28" Y="48"/>
        <UsageCount Value="200"/>
        <DefaultSyntaxHighlighter Value="Delphi"/>
      </Unit8>
      <Unit9>
        <Filename Value="fpsc.pas"/>
        <IsPartOfProject Value="True"/>
        <ComponentName Value="frmPsc"/>
        <HasResources Value="True"/>
        <ResourceBaseClass Value="Form"/>
        <CursorPos X="3" Y="15"/>
        <UsageCount Value="200"/>
        <DefaultSyntaxHighlighter Value="Delphi"/>
      </Unit9>
      <Unit10>
        <Filename Value="ffirma.pas"/>
        <IsPartOfProject Value="True"/>
        <ComponentName Value="frmFirma"/>
        <HasResources Value="True"/>
        <ResourceBaseClass Value="Form"/>
        <UnitName Value="FFirma"/>
        <TopLine Value="150"/>
        <CursorPos X="55" Y="168"/>
        <UsageCount Value="200"/>
        <DefaultSyntaxHighlighter Value="Delphi"/>
      </Unit10>
      <Unit11>
        <Filename Value="fparametry.pas"/>
        <IsPartOfProject Value="True"/>
        <ComponentName Value="frmParametry"/>
        <HasResources Value="True"/>
        <ResourceBaseClass Value="Form"/>
        <UnitName Value="FParametry"/>
        <TopLine Value="95"/>
        <CursorPos X="29" Y="123"/>
        <UsageCount Value="200"/>
        <DefaultSyntaxHighlighter Value="Delphi"/>
      </Unit11>
      <Unit12>
        <Filename Value="utils.pas"/>
        <IsPartOfProject Value="True"/>
        <UnitName Value="Utils"/>
        <EditorIndex Value="5"/>
        <TopLine Value="232"/>
        <CursorPos X="7" Y="240"/>
        <UsageCount Value="200"/>
        <Loaded Value="True"/>
        <DefaultSyntaxHighlighter Value="Delphi"/>
      </Unit12>
      <Unit13>
        <Filename Value="sseznam_akcionaru.pas"/>
        <IsPartOfProject Value="True"/>
        <ComponentName Value="frmSeznamAkcionaru"/>
        <ResourceBaseClass Value="Form"/>
        <CursorPos X="45" Y="16"/>
        <UsageCount Value="200"/>
        <DefaultSyntaxHighlighter Value="Delphi"/>
      </Unit13>
      <Unit14>
        <Filename Value="svypis_akcionare.pas"/>
        <IsPartOfProject Value="True"/>
        <ComponentName Value="frmVypisAkcionare"/>
        <ResourceBaseClass Value="Form"/>
        <CursorPos X="12" Y="20"/>
        <UsageCount Value="200"/>
        <DefaultSyntaxHighlighter Value="Delphi"/>
      </Unit14>
      <Unit15>
        <Filename Value="ssoucetakciizatypall.pas"/>
        <IsPartOfProject Value="True"/>
        <ComponentName Value="frmSSoucetAkciiZaTypAll"/>
        <ResourceBaseClass Value="Form"/>
        <UnitName Value="sSoucetAkciiZaTypAll"/>
        <CursorPos X="13" Y="18"/>
        <UsageCount Value="200"/>
        <DefaultSyntaxHighlighter Value="Delphi"/>
      </Unit15>
      <Unit16>
        <Filename Value="sseznam_akcionaru3.pas"/>
        <IsPartOfProject Value="True"/>
        <ComponentName Value="frmSeznamAkcionaru3"/>
        <ResourceBaseClass Value="Form"/>
        <CursorPos X="12" Y="20"/>
        <UsageCount Value="200"/>
        <DefaultSyntaxHighlighter Value="Delphi"/>
      </Unit16>
      <Unit17>
        <Filename Value="svyplatni_listina3.pas"/>
        <IsPartOfProject Value="True"/>
        <ComponentName Value="frmVyplatniListina3"/>
        <ResourceBaseClass Value="Form"/>
        <CursorPos X="14" Y="17"/>
        <UsageCount Value="200"/>
        <DefaultSyntaxHighlighter Value="Delphi"/>
      </Unit17>
      <Unit18>
        <Filename Value="svyplatni_listina2.pas"/>
        <IsPartOfProject Value="True"/>
        <ComponentName Value="frmVyplatniListina2"/>
        <ResourceBaseClass Value="Form"/>
        <CursorPos X="24"/>
        <UsageCount Value="200"/>
        <DefaultSyntaxHighlighter Value="Delphi"/>
      </Unit18>
      <Unit19>
        <Filename Value="svyplatni_listina.pas"/>
        <IsPartOfProject Value="True"/>
        <ComponentName Value="frmVyplatniListina"/>
        <ResourceBaseClass Value="Form"/>
        <CursorPos X="23"/>
        <UsageCount Value="200"/>
        <DefaultSyntaxHighlighter Value="Delphi"/>
      </Unit19>
      <Unit20>
        <Filename Value="ssouhrn_akcii2.pas"/>
        <IsPartOfProject Value="True"/>
        <ComponentName Value="frmSouhrnAkcii2"/>
        <ResourceBaseClass Value="Form"/>
        <CursorPos X="14" Y="17"/>
        <UsageCount Value="200"/>
        <DefaultSyntaxHighlighter Value="Delphi"/>
      </Unit20>
      <Unit21>
        <Filename Value="dprevod_akcie.pas"/>
        <IsPartOfProject Value="True"/>
        <ComponentName Value="frmPrevodAkcie"/>
        <ResourceBaseClass Value="Form"/>
        <TopLine Value="83"/>
        <CursorPos X="22" Y="105"/>
        <UsageCount Value="200"/>
        <DefaultSyntaxHighlighter Value="Delphi"/>
      </Unit21>
      <Unit22>
        <Filename Value="sseznam_akcionaru2.pas"/>
        <IsPartOfProject Value="True"/>
        <ComponentName Value="frmSeznamAkcionaru2"/>
        <ResourceBaseClass Value="Form"/>
        <CursorPos X="12" Y="20"/>
        <UsageCount Value="200"/>
        <DefaultSyntaxHighlighter Value="Delphi"/>
      </Unit22>
      <Unit23>
        <Filename Value="shistorie_akcie.pas"/>
        <IsPartOfProject Value="True"/>
        <ComponentName Value="frmHistorie_akcie"/>
        <ResourceBaseClass Value="Form"/>
        <CursorPos X="14" Y="17"/>
        <UsageCount Value="200"/>
        <DefaultSyntaxHighlighter Value="Delphi"/>
      </Unit23>
      <Unit24>
        <Filename Value="sstitky2.pas"/>
        <IsPartOfProject Value="True"/>
        <ComponentName Value="frmStitkyII"/>
        <ResourceBaseClass Value="Form"/>
        <CursorPos X="59" Y="10"/>
        <UsageCount Value="200"/>
        <DefaultSyntaxHighlighter Value="Delphi"/>
      </Unit24>
      <Unit25>
        <Filename Value="sstitky.pas"/>
        <IsPartOfProject Value="True"/>
        <ComponentName Value="frmStitkyI"/>
        <ResourceBaseClass Value="Form"/>
        <UsageCount Value="200"/>
        <DefaultSyntaxHighlighter Value="Delphi"/>
      </Unit25>
      <Unit26>
        <Filename Value="ssouhrn_akcii.pas"/>
        <IsPartOfProject Value="True"/>
        <ComponentName Value="frmSouhrnAkcii"/>
        <ResourceBaseClass Value="Form"/>
        <CursorPos X="19" Y="6"/>
        <UsageCount Value="200"/>
        <DefaultSyntaxHighlighter Value="Delphi"/>
      </Unit26>
      <Unit27>
        <Filename Value="dakcie_pohyb.pas"/>
        <IsPartOfProject Value="True"/>
        <ComponentName Value="frmAkciePohyb"/>
        <ResourceBaseClass Value="Form"/>
        <TopLine Value="49"/>
        <CursorPos X="39" Y="65"/>
        <UsageCount Value="200"/>
        <DefaultSyntaxHighlighter Value="Delphi"/>
      </Unit27>
      <Unit28>
        <Filename Value="uproc.pas"/>
        <IsPartOfProject Value="True"/>
        <UnitName Value="uProc"/>
        <EditorIndex Value="6"/>
        <TopLine Value="1533"/>
        <CursorPos X="23" Y="1533"/>
        <UsageCount Value="201"/>
        <Loaded Value="True"/>
        <DefaultSyntaxHighlighter Value="Delphi"/>
      </Unit28>
      <Unit29>
        <Filename Value="fheslo.pas"/>
        <IsPartOfProject Value="True"/>
        <ComponentName Value="frmHeslo"/>
        <ResourceBaseClass Value="Form"/>
        <TopLine Value="13"/>
        <CursorPos X="52" Y="21"/>
        <UsageCount Value="200"/>
        <DefaultSyntaxHighlighter Value="Delphi"/>
      </Unit29>
      <Unit30>
        <Filename Value="dheslo.pas"/>
        <IsPartOfProject Value="True"/>
        <ComponentName Value="frmHesloD"/>
        <ResourceBaseClass Value="Form"/>
        <TopLine Value="32"/>
        <CursorPos X="37" Y="39"/>
        <UsageCount Value="200"/>
        <DefaultSyntaxHighlighter Value="Delphi"/>
      </Unit30>
      <Unit31>
        <Filename Value="dpoznamka.pas"/>
        <IsPartOfProject Value="True"/>
        <ComponentName Value="frmPoznamka"/>
        <ResourceBaseClass Value="Form"/>
        <CursorPos X="54" Y="5"/>
        <UsageCount Value="200"/>
        <DefaultSyntaxHighlighter Value="Delphi"/>
      </Unit31>
      <Unit32>
        <Filename Value="fpartneri.pas"/>
        <IsPartOfProject Value="True"/>
        <ComponentName Value="frmPartneri"/>
        <ResourceBaseClass Value="Form"/>
        <UnitName Value="FPartneri"/>
        <TopLine Value="46"/>
        <CursorPos X="13" Y="69"/>
        <UsageCount Value="200"/>
        <DefaultSyntaxHighlighter Value="Delphi"/>
      </Unit32>
      <Unit33>
        <Filename Value="fpartneriosoby.pas"/>
        <IsPartOfProject Value="True"/>
        <ComponentName Value="frmPartneriOsoby"/>
        <ResourceBaseClass Value="Form"/>
        <TopLine Value="47"/>
        <CursorPos X="23" Y="50"/>
        <UsageCount Value="200"/>
        <DefaultSyntaxHighlighter Value="Delphi"/>
      </Unit33>
      <Unit34>
        <Filename Value="fpartneriadresy.pas"/>
        <IsPartOfProject Value="True"/>
        <ComponentName Value="frmPartneriAdresy"/>
        <ResourceBaseClass Value="Form"/>
        <TopLine Value="53"/>
        <CursorPos X="13" Y="76"/>
        <UsageCount Value="200"/>
        <DefaultSyntaxHighlighter Value="Delphi"/>
      </Unit34>
      <Unit35>
        <Filename Value="fpartnerispojeni.pas"/>
        <IsPartOfProject Value="True"/>
        <ComponentName Value="frmPartneriSpojeni"/>
        <ResourceBaseClass Value="Form"/>
        <TopLine Value="40"/>
        <CursorPos X="35" Y="44"/>
        <UsageCount Value="200"/>
        <DefaultSyntaxHighlighter Value="Delphi"/>
      </Unit35>
      <Unit36>
        <Filename Value="fdanovesazby.pas"/>
        <IsPartOfProject Value="True"/>
        <ComponentName Value="frmDanoveSazby"/>
        <ResourceBaseClass Value="Form"/>
        <TopLine Value="32"/>
        <CursorPos X="21" Y="38"/>
        <UsageCount Value="200"/>
        <DefaultSyntaxHighlighter Value="Delphi"/>
      </Unit36>
      <Unit37>
        <Filename Value="fprodukty.pas"/>
        <IsPartOfProject Value="True"/>
        <ComponentName Value="frmProdukty"/>
        <ResourceBaseClass Value="Form"/>
        <TopLine Value="48"/>
        <CursorPos X="25" Y="51"/>
        <UsageCount Value="200"/>
        <DefaultSyntaxHighlighter Value="Delphi"/>
      </Unit37>
      <Unit38>
        <Filename Value="fnabidky.pas"/>
        <IsPartOfProject Value="True"/>
        <ComponentName Value="frmNabidky"/>
        <ResourceBaseClass Value="Form"/>
        <TopLine Value="75"/>
        <CursorPos X="34" Y="85"/>
        <UsageCount Value="200"/>
        <DefaultSyntaxHighlighter Value="Delphi"/>
      </Unit38>
      <Unit39>
        <Filename Value="fukoly.pas"/>
        <IsPartOfProject Value="True"/>
        <ComponentName Value="frmUkoly"/>
        <ResourceBaseClass Value="Form"/>
        <TopLine Value="89"/>
        <CursorPos X="13" Y="91"/>
        <UsageCount Value="200"/>
        <DefaultSyntaxHighlighter Value="Delphi"/>
      </Unit39>
      <Unit40>
        <Filename Value="fudalosti.pas"/>
        <IsPartOfProject Value="True"/>
        <ComponentName Value="frmUdalosti"/>
        <ResourceBaseClass Value="Form"/>
        <TopLine Value="79"/>
        <CursorPos X="13" Y="99"/>
        <UsageCount Value="200"/>
        <DefaultSyntaxHighlighter Value="Delphi"/>
      </Unit40>
      <Unit41>
        <Filename Value="fprilohy.pas"/>
        <IsPartOfProject Value="True"/>
        <ComponentName Value="frmPrilohy"/>
        <HasResources Value="True"/>
        <ResourceBaseClass Value="Form"/>
        <TopLine Value="22"/>
        <CursorPos X="3" Y="36"/>
        <UsageCount Value="200"/>
        <DefaultSyntaxHighlighter Value="Delphi"/>
      </Unit41>
      <Unit42>
        <Filename Value="fzaloby.pas"/>
        <IsPartOfProject Value="True"/>
        <ComponentName Value="frmZaloby"/>
        <HasResources Value="True"/>
        <ResourceBaseClass Value="Form"/>
        <UnitName Value="FZaloby"/>
        <IsVisibleTab Value="True"/>
        <EditorIndex Value="1"/>
        <TopLine Value="3208"/>
        <CursorPos X="33" Y="3216"/>
        <UsageCount Value="200"/>
        <Loaded Value="True"/>
        <LoadedDesigner Value="True"/>
        <DefaultSyntaxHighlighter Value="Delphi"/>
      </Unit42>
      <Unit43>
        <Filename Value="soznamenipostupiteleopostoupenipohledavky.pas"/>
        <IsPartOfProject Value="True"/>
        <ComponentName Value="frmSOznameniPostupiteleOPostoupeniPohledavky"/>
        <ResourceBaseClass Value="Form"/>
        <UnitName Value="SOznameniPostupiteleOPostoupeniPohledavky"/>
        <CursorPos X="59" Y="8"/>
        <UsageCount Value="200"/>
        <DefaultSyntaxHighlighter Value="Delphi"/>
      </Unit43>
      <Unit44>
        <Filename Value="duzamknoutzaloby.pas"/>
        <IsPartOfProject Value="True"/>
        <ComponentName Value="frmUzamknoutZaloby"/>
        <ResourceBaseClass Value="Form"/>
        <UnitName Value="DUzamknoutZaloby"/>
        <CursorPos X="21" Y="12"/>
        <UsageCount Value="200"/>
        <DefaultSyntaxHighlighter Value="Delphi"/>
      </Unit44>
      <Unit45>
        <Filename Value="doznamenipostupiteleopostoupenipohledavky.pas"/>
        <IsPartOfProject Value="True"/>
        <ComponentName Value="frmTiskZalob"/>
        <ResourceBaseClass Value="Form"/>
        <UnitName Value="DOznameniPostupiteleOPostoupeniPohledavky"/>
        <EditorIndex Value="-1"/>
        <TopLine Value="17"/>
        <CursorPos X="3" Y="34"/>
        <UsageCount Value="200"/>
        <DefaultSyntaxHighlighter Value="Delphi"/>
      </Unit45>
      <Unit46>
        <Filename Value="ddatum.pas"/>
        <IsPartOfProject Value="True"/>
        <ComponentName Value="dlgDatum"/>
        <ResourceBaseClass Value="Form"/>
        <UnitName Value="DDatum"/>
        <TopLine Value="15"/>
        <CursorPos X="36" Y="35"/>
        <UsageCount Value="200"/>
        <DefaultSyntaxHighlighter Value="Delphi"/>
      </Unit46>
      <Unit47>
        <Filename Value="..\..\lcl\menus.pp"/>
        <UnitName Value="Menus"/>
        <TopLine Value="515"/>
        <CursorPos X="24" Y="538"/>
        <UsageCount Value="3"/>
      </Unit47>
      <Unit48>
        <Filename Value="fsopopppodacilist.pas"/>
        <IsPartOfProject Value="True"/>
        <ComponentName Value="frmSOPOPPPodaciList"/>
        <ResourceBaseClass Value="Form"/>
        <UnitName Value="FSOPOPPPodaciList"/>
        <CursorPos X="71" Y="13"/>
        <UsageCount Value="200"/>
        <DefaultSyntaxHighlighter Value="Delphi"/>
      </Unit48>
      <Unit49>
        <Filename Value="fsopopppredavaciprotokol.pas"/>
        <IsPartOfProject Value="True"/>
        <ComponentName Value="frmSOPOPPPredavaciProtokol"/>
        <ResourceBaseClass Value="Form"/>
        <UnitName Value="FSopopppredavaciprotokol"/>
        <CursorPos X="38" Y="16"/>
        <UsageCount Value="200"/>
        <DefaultSyntaxHighlighter Value="Delphi"/>
      </Unit49>
      <Unit50>
        <Filename Value="dproces.pas"/>
        <IsPartOfProject Value="True"/>
        <ComponentName Value="frmProces"/>
        <ResourceBaseClass Value="Form"/>
        <CursorPos X="14" Y="3"/>
        <UsageCount Value="200"/>
        <DefaultSyntaxHighlighter Value="Delphi"/>
      </Unit50>
      <Unit51>
        <Filename Value="fzalobyhistorie.pas"/>
        <IsPartOfProject Value="True"/>
        <ComponentName Value="frmZalobyHistorie"/>
        <ResourceBaseClass Value="Form"/>
        <UnitName Value="FZalobyHistorie"/>
        <TopLine Value="13"/>
        <CursorPos X="37" Y="14"/>
        <UsageCount Value="200"/>
        <DefaultSyntaxHighlighter Value="Delphi"/>
      </Unit51>
      <Unit52>
        <Filename Value="dpop3pripojeni.pas"/>
        <IsPartOfProject Value="True"/>
        <ComponentName Value="frmpop3pripojeni"/>
        <ResourceBaseClass Value="Form"/>
        <TopLine Value="6"/>
        <CursorPos X="25" Y="17"/>
        <UsageCount Value="200"/>
        <DefaultSyntaxHighlighter Value="Delphi"/>
      </Unit52>
      <Unit53>
        <Filename Value="fzalobytypyzprav.pas"/>
        <IsPartOfProject Value="True"/>
        <ComponentName Value="frmZalobyTypyZprav"/>
        <ResourceBaseClass Value="Form"/>
        <UnitName Value="FZalobyTypyZprav"/>
        <TopLine Value="202"/>
        <CursorPos X="42" Y="214"/>
        <UsageCount Value="201"/>
        <DefaultSyntaxHighlighter Value="Delphi"/>
      </Unit53>
      <Unit54>
        <Filename Value="dzpravydetail.pas"/>
        <IsPartOfProject Value="True"/>
        <ComponentName Value="frmZpravyDetail"/>
        <HasResources Value="True"/>
        <ResourceBaseClass Value="Form"/>
        <UnitName Value="DZpravyDetail"/>
        <TopLine Value="71"/>
        <CursorPos X="108" Y="96"/>
        <UsageCount Value="201"/>
        <DefaultSyntaxHighlighter Value="Delphi"/>
      </Unit54>
      <Unit55>
        <Filename Value="cestina.pas"/>
        <IsPartOfProject Value="True"/>
        <CursorPos X="23" Y="13"/>
        <UsageCount Value="200"/>
        <DefaultSyntaxHighlighter Value="Delphi"/>
      </Unit55>
      <Unit56>
        <Filename Value="ssopopppodacilist2.pas"/>
        <IsPartOfProject Value="True"/>
        <ComponentName Value="frmSOPOPPPodaciList2"/>
        <ResourceBaseClass Value="Form"/>
        <UnitName Value="SSOPOPPPodaciList2"/>
        <CursorPos X="66" Y="6"/>
        <UsageCount Value="200"/>
        <DefaultSyntaxHighlighter Value="Delphi"/>
      </Unit56>
      <Unit57>
        <Filename Value="..\..\fpc\2.4.0\source\packages\fcl-db\src\base\db.pas"/>
        <TopLine Value="508"/>
        <CursorPos X="3" Y="523"/>
        <UsageCount Value="10"/>
      </Unit57>
      <Unit58>
        <Filename Value="sproc.pas"/>
        <IsPartOfProject Value="True"/>
        <UnitName Value="SProc"/>
        <CursorPos X="13" Y="22"/>
        <UsageCount Value="200"/>
        <DefaultSyntaxHighlighter Value="Delphi"/>
      </Unit58>
      <Unit59>
        <Filename Value="fzalobyarchiv.pas"/>
        <IsPartOfProject Value="True"/>
        <ComponentName Value="frmZalobyArchiv"/>
        <HasResources Value="True"/>
        <ResourceBaseClass Value="Form"/>
        <TopLine Value="108"/>
        <CursorPos X="8" Y="116"/>
        <UsageCount Value="200"/>
        <DefaultSyntaxHighlighter Value="Delphi"/>
      </Unit59>
      <Unit60>
        <Filename Value="fzaloby_ostatni.pas"/>
        <IsPartOfProject Value="True"/>
        <ComponentName Value="frmZalobyOstatni"/>
        <HasResources Value="True"/>
        <ResourceBaseClass Value="Form"/>
        <UnitName Value="FZaloby_ostatni"/>
        <EditorIndex Value="-1"/>
        <TopLine Value="1234"/>
        <CursorPos X="24" Y="1260"/>
        <UsageCount Value="200"/>
        <DefaultSyntaxHighlighter Value="Delphi"/>
      </Unit60>
      <Unit61>
        <Filename Value="fskzaplaceni.pas"/>
        <IsPartOfProject Value="True"/>
        <ComponentName Value="frmSKUhrade"/>
        <HasResources Value="True"/>
        <ResourceBaseClass Value="Form"/>
        <EditorIndex Value="-1"/>
        <TopLine Value="2"/>
        <CursorPos X="34" Y="12"/>
        <UsageCount Value="203"/>
        <DefaultSyntaxHighlighter Value="Delphi"/>
      </Unit61>
      <Unit62>
        <Filename Value="fsnezaplacene.pas"/>
        <IsPartOfProject Value="True"/>
        <ComponentName Value="frmSNezaplacene"/>
        <ResourceBaseClass Value="Form"/>
        <UnitName Value="FSNezaplacene"/>
        <CursorPos X="61" Y="10"/>
        <UsageCount Value="203"/>
        <DefaultSyntaxHighlighter Value="Delphi"/>
      </Unit62>
      <Unit63>
        <Filename Value="fszaplacene.pas"/>
        <IsPartOfProject Value="True"/>
        <ComponentName Value="frmSZaplacene"/>
        <ResourceBaseClass Value="Form"/>
        <CursorPos X="67" Y="13"/>
        <UsageCount Value="200"/>
        <DefaultSyntaxHighlighter Value="Delphi"/>
      </Unit63>
      <Unit64>
        <Filename Value="fsbez_guidu.pas"/>
        <IsPartOfProject Value="True"/>
        <ComponentName Value="frmSBezGuidu"/>
        <ResourceBaseClass Value="Form"/>
        <CursorPos X="54" Y="10"/>
        <UsageCount Value="201"/>
        <DefaultSyntaxHighlighter Value="Delphi"/>
      </Unit64>
      <Unit65>
        <Filename Value="fsbezudajuplatby.pas"/>
        <IsPartOfProject Value="True"/>
        <ComponentName Value="frmSBezUdajuPlatby"/>
        <ResourceBaseClass Value="Form"/>
        <CursorPos X="53" Y="7"/>
        <UsageCount Value="201"/>
        <DefaultSyntaxHighlighter Value="Delphi"/>
      </Unit65>
      <Unit66>
        <Filename Value="dprocesquery.pas"/>
        <IsPartOfProject Value="True"/>
        <ComponentName Value="frmProcesQuery"/>
        <ResourceBaseClass Value="Form"/>
        <CursorPos X="3" Y="25"/>
        <UsageCount Value="200"/>
        <DefaultSyntaxHighlighter Value="Delphi"/>
      </Unit66>
      <Unit67>
        <Filename Value="..\..\fpc\2.4.0\source\rtl\objpas\objpas.pp"/>
        <TopLine Value="28"/>
        <CursorPos X="8" Y="28"/>
        <UsageCount Value="10"/>
      </Unit67>
      <Unit68>
        <Filename Value="dprogram.pas"/>
        <IsPartOfProject Value="True"/>
        <ComponentName Value="dlgProgram"/>
        <ResourceBaseClass Value="Form"/>
        <CursorPos X="44" Y="18"/>
        <UsageCount Value="200"/>
        <DefaultSyntaxHighlighter Value="Delphi"/>
      </Unit68>
      <Unit69>
        <Filename Value="fchybneobjekty.pas"/>
        <IsPartOfProject Value="True"/>
        <ComponentName Value="frmChybneObjekty"/>
        <ResourceBaseClass Value="Form"/>
        <UnitName Value="FChybneObjekty"/>
        <TopLine Value="38"/>
        <CursorPos X="35" Y="42"/>
        <UsageCount Value="200"/>
        <DefaultSyntaxHighlighter Value="Delphi"/>
      </Unit69>
      <Unit70>
        <Filename Value="ssopopppodacilist3.pas"/>
        <IsPartOfProject Value="True"/>
        <ComponentName Value="frmSOPOPPPodaciList3"/>
        <ResourceBaseClass Value="Form"/>
        <CursorPos X="58" Y="10"/>
        <UsageCount Value="200"/>
        <DefaultSyntaxHighlighter Value="Delphi"/>
      </Unit70>
      <Unit71>
        <Filename Value="fzalobymlcoch.pas"/>
        <IsPartOfProject Value="True"/>
        <ComponentName Value="frmZalobyMlcoch"/>
        <HasResources Value="True"/>
        <ResourceBaseClass Value="Form"/>
        <EditorIndex Value="-1"/>
        <TopLine Value="1233"/>
        <CursorPos X="51" Y="1242"/>
        <UsageCount Value="200"/>
        <DefaultSyntaxHighlighter Value="Delphi"/>
      </Unit71>
      <Unit72>
        <Filename Value="dpoznamkausneseni.pas"/>
        <IsPartOfProject Value="True"/>
        <ComponentName Value="frmPoznamkaUsneseni"/>
        <ResourceBaseClass Value="Form"/>
        <UnitName Value="dpoznamkaUsneseni"/>
        <CursorPos X="82" Y="15"/>
        <UsageCount Value="200"/>
        <DefaultSyntaxHighlighter Value="Delphi"/>
      </Unit72>
      <Unit73>
        <Filename Value="sopopp2.pas"/>
        <IsPartOfProject Value="True"/>
        <ComponentName Value="frmSOPOPP2"/>
        <HasResources Value="True"/>
        <ResourceBaseClass Value="Form"/>
        <UnitName Value="SOPOPP2"/>
        <EditorIndex Value="-1"/>
        <CursorPos X="49" Y="18"/>
        <UsageCount Value="200"/>
        <DefaultSyntaxHighlighter Value="Delphi"/>
      </Unit73>
      <Unit74>
        <Filename Value="sexekuce.pas"/>
        <IsPartOfProject Value="True"/>
        <ComponentName Value="frmSExekuce"/>
        <HasResources Value="True"/>
        <ResourceBaseClass Value="Form"/>
        <UnitName Value="SExekuce"/>
        <EditorIndex Value="-1"/>
        <WindowIndex Value="-1"/>
        <CursorPos X="21" Y="7"/>
        <UsageCount Value="200"/>
        <DefaultSyntaxHighlighter Value="Delphi"/>
      </Unit74>
      <Unit75>
        <Filename Value="sopopp3.pas"/>
        <IsPartOfProject Value="True"/>
        <ComponentName Value="frmSOPOPP3"/>
        <ResourceBaseClass Value="Form"/>
        <TopLine Value="11"/>
        <CursorPos X="35" Y="17"/>
        <UsageCount Value="200"/>
        <DefaultSyntaxHighlighter Value="Delphi"/>
      </Unit75>
      <Unit76>
        <Filename Value="snesparovane_zpravy.pas"/>
        <IsPartOfProject Value="True"/>
        <ComponentName Value="frmNesparovaneZpravy"/>
        <ResourceBaseClass Value="Form"/>
        <TopLine Value="7"/>
        <CursorPos X="54" Y="16"/>
        <UsageCount Value="204"/>
        <DefaultSyntaxHighlighter Value="Delphi"/>
      </Unit76>
      <Unit77>
        <Filename Value="fsestavy.pas"/>
        <IsPartOfProject Value="True"/>
        <ComponentName Value="frmSestavy"/>
        <ResourceBaseClass Value="Form"/>
        <UnitName Value="FSestavy"/>
        <CursorPos X="57" Y="10"/>
        <UsageCount Value="210"/>
        <DefaultSyntaxHighlighter Value="Delphi"/>
      </Unit77>
      <Unit78>
        <Filename Value="..\..\components\zeosdb\examples\blobs\ZBlobs.dpr"/>
        <UsageCount Value="3"/>
      </Unit78>
      <Unit79>
        <Filename Value="C:\lazarus\fpc\3.0.0\source\packages\fcl-db\src\base\db.pas"/>
        <EditorIndex Value="7"/>
        <TopLine Value="1655"/>
        <CursorPos X="41" Y="1668"/>
        <UsageCount Value="53"/>
        <Loaded Value="True"/>
      </Unit79>
      <Unit80>
        <Filename Value="C:\lazarus\fpc\3.0.0\source\rtl\objpas\sysutils\sysutilh.inc"/>
        <EditorIndex Value="-1"/>
        <TopLine Value="88"/>
        <CursorPos X="10" Y="104"/>
        <UsageCount Value="3"/>
      </Unit80>
      <Unit81>
        <Filename Value="fskzaplaceni_sumar.pas"/>
        <IsPartOfProject Value="True"/>
        <ComponentName Value="frmSKuhradeSumar"/>
        <HasResources Value="True"/>
        <ResourceBaseClass Value="Form"/>
        <EditorIndex Value="-1"/>
        <TopLine Value="10"/>
        <CursorPos X="24" Y="25"/>
        <UsageCount Value="60"/>
        <DefaultSyntaxHighlighter Value="Delphi"/>
      </Unit81>
      <Unit82>
        <Filename Value="C:\lazarus\lcl\forms.pp"/>
        <UnitName Value="Forms"/>
        <EditorIndex Value="-1"/>
        <TopLine Value="600"/>
        <CursorPos X="14" Y="614"/>
        <UsageCount Value="10"/>
      </Unit82>
    </Units>
    <JumpHistory Count="30" HistoryIndex="29">
      <Position1>
        <Filename Value="fzaloby.pas"/>
        <Caret Line="3084" Column="15" TopLine="3082"/>
      </Position1>
      <Position2>
        <Filename Value="fzaloby.pas"/>
        <Caret Line="3164" Column="3" TopLine="3162"/>
      </Position2>
      <Position3>
        <Filename Value="fzaloby.pas"/>
        <Caret Line="3142" Column="3" TopLine="3140"/>
      </Position3>
      <Position4>
        <Filename Value="fzaloby.pas"/>
        <Caret Line="3179" Column="3" TopLine="3177"/>
      </Position4>
      <Position5>
        <Filename Value="fzaloby.pas"/>
        <Caret Line="3142" Column="3" TopLine="3140"/>
      </Position5>
      <Position6>
        <Filename Value="fzaloby.pas"/>
        <Caret Line="3164" Column="3" TopLine="3162"/>
      </Position6>
      <Position7>
        <Filename Value="fzaloby.pas"/>
        <Caret Line="384" Column="26" TopLine="369"/>
      </Position7>
      <Position8>
        <Filename Value="fzaloby.pas"/>
        <Caret Line="695" Column="14" TopLine="668"/>
      </Position8>
      <Position9>
        <Filename Value="fzaloby.pas"/>
        <Caret Line="3165" Column="14" TopLine="3138"/>
      </Position9>
      <Position10>
        <Filename Value="fsablona.pas"/>
        <Caret Line="349" Column="3" TopLine="347"/>
      </Position10>
      <Position11>
        <Filename Value="fzaloby.pas"/>
        <Caret Line="3503" Column="48" TopLine="3493"/>
      </Position11>
      <Position12>
        <Filename Value="fzaloby.pas"/>
        <Caret Line="3219" Column="103" TopLine="3201"/>
      </Position12>
      <Position13>
        <Filename Value="fzaloby.pas"/>
        <Caret Line="495" Column="28" TopLine="480"/>
      </Position13>
      <Position14>
        <Filename Value="fzaloby.pas"/>
        <Caret Line="3164" Column="3" TopLine="3162"/>
      </Position14>
      <Position15>
        <Filename Value="fzaloby.pas"/>
        <Caret Line="3149" Column="3" TopLine="3147"/>
      </Position15>
      <Position16>
        <Filename Value="fzaloby.pas"/>
        <Caret Line="3165" Column="3" TopLine="3162"/>
      </Position16>
      <Position17>
        <Filename Value="fzaloby.pas"/>
        <Caret Line="499" Column="52" TopLine="476"/>
      </Position17>
      <Position18>
        <Filename Value="fzaloby.pas"/>
        <Caret Line="2315" Column="6" TopLine="2314"/>
      </Position18>
      <Position19>
        <Filename Value="uproc.pas"/>
        <Caret Line="23" Column="23" TopLine="7"/>
      </Position19>
      <Position20>
        <Filename Value="fzaloby.pas"/>
        <Caret Line="2315" Column="6" TopLine="2314"/>
      </Position20>
      <Position21>
        <Filename Value="fzaloby.pas"/>
        <Caret Line="505" Column="71" TopLine="487"/>
      </Position21>
      <Position22>
        <Filename Value="fzaloby.pas"/>
        <Caret Line="3224" Column="116" TopLine="3206"/>
      </Position22>
      <Position23>
        <Filename Value="fzaloby.pas"/>
        <Caret Line="3258" Column="3" TopLine="3256"/>
      </Position23>
      <Position24>
        <Filename Value="fsablona.pas"/>
        <Caret Line="72" Column="32" TopLine="57"/>
      </Position24>
      <Position25>
        <Filename Value="fsablona.pas"/>
        <Caret Line="116" Column="40" TopLine="89"/>
      </Position25>
      <Position26>
        <Filename Value="fsablona.pas"/>
        <Caret Line="81" Column="20" TopLine="66"/>
      </Position26>
      <Position27>
        <Filename Value="fsablona.pas"/>
        <Caret Line="118" Column="8" TopLine="91"/>
      </Position27>
      <Position28>
        <Filename Value="fzaloby.pas"/>
        <Caret Line="3278" Column="27" TopLine="3256"/>
      </Position28>
      <Position29>
        <Filename Value="fzaloby.pas"/>
        <Caret Line="3213" Column="29" TopLine="3206"/>
      </Position29>
      <Position30>
        <Filename Value="fzaloby.pas"/>
        <Caret Line="507" Column="55" TopLine="482"/>
      </Position30>
    </JumpHistory>
  </ProjectOptions>
  <CompilerOptions>
    <Version Value="11"/>
    <PathDelim Value="\"/>
    <Parsing>
      <SyntaxOptions>
        <SyntaxMode Value="Delphi"/>
        <CStyleOperator Value="False"/>
        <UseAnsiStrings Value="False"/>
      </SyntaxOptions>
    </Parsing>
    <Linking>
      <Debugging>
        <UseExternalDbgSyms Value="True"/>
      </Debugging>
      <Options>
        <Win32>
          <GraphicApplication Value="True"/>
        </Win32>
      </Options>
    </Linking>
  </CompilerOptions>
  <Debugging>
    <BreakPoints Count="4">
      <Item1>
        <Kind Value="bpkSource"/>
        <WatchScope Value="wpsGlobal"/>
        <WatchKind Value="wpkWrite"/>
        <Source Value="..\unit1.pas"/>
        <Line Value="17"/>
      </Item1>
      <Item2>
        <Kind Value="bpkSource"/>
        <WatchScope Value="wpsGlobal"/>
        <WatchKind Value="wpkWrite"/>
        <Source Value="MB system\fmain.pas"/>
        <Line Value="77"/>
      </Item2>
      <Item3>
        <Kind Value="bpkSource"/>
        <WatchScope Value="wpsGlobal"/>
        <WatchKind Value="wpkWrite"/>
        <Source Value="MB system\flogin.pas"/>
        <Line Value="80"/>
      </Item3>
      <Item4>
        <Kind Value="bpkSource"/>
        <WatchScope Value="wpsGlobal"/>
        <WatchKind Value="wpkWrite"/>
        <Source Value="MB system\flogin.pas"/>
        <Line Value="77"/>
      </Item4>
    </BreakPoints>
    <Exceptions Count="2">
      <Item1>
        <Name Value="ECodetoolError"/>
      </Item1>
      <Item2>
        <Name Value="EFOpenError"/>
      </Item2>
    </Exceptions>
  </Debugging>
</CONFIG>
